
Microsoft Visual Studio Solution File, Format Version 12.00
# Visual Studio Version 17
VisualStudioVersion = 17.1.31903.286
MinimumVisualStudioVersion = 10.0.40219.1
Project("{9A19103F-16F7-4668-BE54-9A1E7A4F7556}") = "View", "KutuphaneCore\View.csproj", "{F19C184D-603C-4EF0-AC03-123D65E96684}"
EndProject
Project("{9A19103F-16F7-4668-BE54-9A1E7A4F7556}") = "Entitites", "Entitites\Entitites.csproj", "{490007F0-7C5C-491E-8605-CA30CE68D908}"
EndProject
Project("{9A19103F-16F7-4668-BE54-9A1E7A4F7556}") = "DTO", "DTO\DTO.csproj", "{6461BE9A-4338-4986-A55A-315280FF1CCA}"
EndProject
Project("{2150E333-8FDC-42A3-9474-1A3956D46DE8}") = "Solution Items", "Solution Items", "{ABB2A17B-DB5C-4983-B422-920466B2D6BF}"
	ProjectSection(SolutionItems) = preProject
		.editorconfig = .editorconfig
	EndProjectSection
EndProject
Project("{FAE04EC0-301F-11D3-BF4B-00C04F79EFBC}") = "Business", "Businesss\Business.csproj", "{A1B8F92E-BD3A-4F07-A86C-971FDE62E0D1}"
EndProject
Global
	GlobalSection(SolutionConfigurationPlatforms) = preSolution
		Debug|Any CPU = Debug|Any CPU
		Release|Any CPU = Release|Any CPU
	EndGlobalSection
	GlobalSection(ProjectConfigurationPlatforms) = postSolution
		{F19C184D-603C-4EF0-AC03-123D65E96684}.Debug|Any CPU.ActiveCfg = Debug|Any CPU
		{F19C184D-603C-4EF0-AC03-123D65E96684}.Debug|Any CPU.Build.0 = Debug|Any CPU
		{F19C184D-603C-4EF0-AC03-123D65E96684}.Release|Any CPU.ActiveCfg = Release|Any CPU
		{F19C184D-603C-4EF0-AC03-123D65E96684}.Release|Any CPU.Build.0 = Release|Any CPU
		{490007F0-7C5C-491E-8605-CA30CE68D908}.Debug|Any CPU.ActiveCfg = Debug|Any CPU
		{490007F0-7C5C-491E-8605-CA30CE68D908}.Debug|Any CPU.Build.0 = Debug|Any CPU
		{490007F0-7C5C-491E-8605-CA30CE68D908}.Release|Any CPU.ActiveCfg = Release|Any CPU
		{490007F0-7C5C-491E-8605-CA30CE68D908}.Release|Any CPU.Build.0 = Release|Any CPU
		{6461BE9A-4338-4986-A55A-315280FF1CCA}.Debug|Any CPU.ActiveCfg = Debug|Any CPU
		{6461BE9A-4338-4986-A55A-315280FF1CCA}.Debug|Any CPU.Build.0 = Debug|Any CPU
		{6461BE9A-4338-4986-A55A-315280FF1CCA}.Release|Any CPU.ActiveCfg = Release|Any CPU
		{6461BE9A-4338-4986-A55A-315280FF1CCA}.Release|Any CPU.Build.0 = Release|Any CPU
		{A1B8F92E-BD3A-4F07-A86C-971FDE62E0D1}.Debug|Any CPU.ActiveCfg = Debug|Any CPU
		{A1B8F92E-BD3A-4F07-A86C-971FDE62E0D1}.Debug|Any CPU.Build.0 = Debug|Any CPU
		{A1B8F92E-BD3A-4F07-A86C-971FDE62E0D1}.Release|Any CPU.ActiveCfg = Release|Any CPU
		{A1B8F92E-BD3A-4F07-A86C-971FDE62E0D1}.Release|Any CPU.Build.0 = Release|Any CPU
	EndGlobalSection
	GlobalSection(SolutionProperties) = preSolution
		HideSolutionNode = FALSE
	EndGlobalSection
	GlobalSection(ExtensibilityGlobals) = postSolution
		SolutionGuid = {85F3BAE9-2958-41BF-A951-74CE02DABE72}
	EndGlobalSection
EndGlobal
